
Microsoft Visual Studio Solution File, Format Version 12.00
# Visual Studio Version 17
VisualStudioVersion = 17.3.32929.385
MinimumVisualStudioVersion = 10.0.40219.1
Project("{2150E333-8FDC-42A3-9474-1A3956D46DE8}") = "Services", "Services", "{308EF404-01D3-4EC3-9390-706D54E3651A}"
EndProject
Project("{2150E333-8FDC-42A3-9474-1A3956D46DE8}") = "Catalog", "Catalog", "{4B3D8FF7-CB45-40F5-99B4-3CF72B4CD2BD}"
EndProject
Project("{9A19103F-16F7-4668-BE54-9A1E7A4F7556}") = "Catalog.API", "Services\Catalog\Catalog.API\Catalog.API.csproj", "{76E86289-BA11-4DB4-A567-0DAA0FAFB10A}"
EndProject
Project("{E53339B2-1760-4266-BCC7-CA923CBCF16C}") = "docker-compose", "docker-compose.dcproj", "{71A84DC4-17A5-4A9D-AAB2-62B4345866C9}"
EndProject
Project("{2150E333-8FDC-42A3-9474-1A3956D46DE8}") = "Basket", "Basket", "{082C968F-6875-4B59-86B0-0B53590D8483}"
EndProject
Project("{9A19103F-16F7-4668-BE54-9A1E7A4F7556}") = "Basket.API", "Services\Basket\Basket.API\Basket.API.csproj", "{57F6350B-0DA1-4AF9-96E3-CF4D7A3457AE}"
EndProject
Project("{2150E333-8FDC-42A3-9474-1A3956D46DE8}") = "Discount", "Discount", "{CBF053D8-866B-49F0-81C1-AD07D5DEDFB2}"
EndProject
Project("{9A19103F-16F7-4668-BE54-9A1E7A4F7556}") = "Discount.API", "Services\Discount\Discount.API\Discount.API.csproj", "{1F3F3BE1-2604-46C0-91BD-984AA8D3AD48}"
EndProject
Project("{9A19103F-16F7-4668-BE54-9A1E7A4F7556}") = "Discount.Grpc", "Services\Discount\Discount.Grpc\Discount.Grpc.csproj", "{E6CB537F-A6C2-4953-88F2-25FDBC958166}"
EndProject
Project("{2150E333-8FDC-42A3-9474-1A3956D46DE8}") = "Ordering", "Ordering", "{19FA9A9D-511D-4D51-A90A-9DC960353693}"
EndProject
Project("{9A19103F-16F7-4668-BE54-9A1E7A4F7556}") = "Ordering.API", "Services\Ordering\Ordering.API\Ordering.API.csproj", "{B0F0D17E-06FA-42A6-B7B1-D4E0EFE0C43D}"
EndProject
Project("{9A19103F-16F7-4668-BE54-9A1E7A4F7556}") = "Ordering.Domain", "Services\Ordering\Ordering.Domain\Ordering.Domain.csproj", "{9A93A4B1-DE0A-4D41-9FA3-C7D51E48DF55}"
EndProject
Project("{9A19103F-16F7-4668-BE54-9A1E7A4F7556}") = "Ordering.Application", "Services\Ordering\Ordering.Application\Ordering.Application.csproj", "{1C2C34EB-6503-4525-94CB-F218B02392C9}"
EndProject
Project("{9A19103F-16F7-4668-BE54-9A1E7A4F7556}") = "Ordering.Infrastructure", "Services\Ordering\Ordering.Infrastructure\Ordering.Infrastructure.csproj", "{2C101818-3926-4E67-862B-4794F3C5F676}"
EndProject
Project("{2150E333-8FDC-42A3-9474-1A3956D46DE8}") = "BuildingBlocks", "BuildingBlocks", "{3A623E4C-AC1B-4684-8B09-314EAC87D8DA}"
EndProject
Project("{9A19103F-16F7-4668-BE54-9A1E7A4F7556}") = "EventBus.Messages", "BuildingBlocks\EventBus.Messages\EventBus.Messages.csproj", "{2A886F20-2B8B-431D-8C9D-88274413C6CB}"
EndProject
Project("{2150E333-8FDC-42A3-9474-1A3956D46DE8}") = "ApiGateways", "ApiGateways", "{80B3511D-9802-4CAF-BAC7-DD3B54392020}"
EndProject
Project("{9A19103F-16F7-4668-BE54-9A1E7A4F7556}") = "OcelotApiGateway", "ApiGateways\OcelotApiGateway\OcelotApiGateway.csproj", "{308CDAC4-7F29-4068-A740-A565EEFBEBF3}"
EndProject
Project("{9A19103F-16F7-4668-BE54-9A1E7A4F7556}") = "Shopping.Aggregator", "ApiGateways\Shopping.Aggregator\Shopping.Aggregator.csproj", "{8E2AF590-DD1A-423E-92AF-9947F02E7D73}"
EndProject
Project("{2150E333-8FDC-42A3-9474-1A3956D46DE8}") = "WebApps", "WebApps", "{AE8496BC-43DC-4C06-8ECD-4499B04B9C3E}"
EndProject
Project("{9A19103F-16F7-4668-BE54-9A1E7A4F7556}") = "AspnetRunBasics", "WebApps\AspnetRunBasics\AspnetRunBasics.csproj", "{B64BB7FB-0FB4-4419-BB79-BD6BB1D31405}"
EndProject
Global
	GlobalSection(SolutionConfigurationPlatforms) = preSolution
		Debug|Any CPU = Debug|Any CPU
		Release|Any CPU = Release|Any CPU
	EndGlobalSection
	GlobalSection(ProjectConfigurationPlatforms) = postSolution
		{76E86289-BA11-4DB4-A567-0DAA0FAFB10A}.Debug|Any CPU.ActiveCfg = Debug|Any CPU
		{76E86289-BA11-4DB4-A567-0DAA0FAFB10A}.Debug|Any CPU.Build.0 = Debug|Any CPU
		{76E86289-BA11-4DB4-A567-0DAA0FAFB10A}.Release|Any CPU.ActiveCfg = Release|Any CPU
		{76E86289-BA11-4DB4-A567-0DAA0FAFB10A}.Release|Any CPU.Build.0 = Release|Any CPU
		{71A84DC4-17A5-4A9D-AAB2-62B4345866C9}.Debug|Any CPU.ActiveCfg = Debug|Any CPU
		{71A84DC4-17A5-4A9D-AAB2-62B4345866C9}.Debug|Any CPU.Build.0 = Debug|Any CPU
		{71A84DC4-17A5-4A9D-AAB2-62B4345866C9}.Release|Any CPU.ActiveCfg = Release|Any CPU
		{71A84DC4-17A5-4A9D-AAB2-62B4345866C9}.Release|Any CPU.Build.0 = Release|Any CPU
		{57F6350B-0DA1-4AF9-96E3-CF4D7A3457AE}.Debug|Any CPU.ActiveCfg = Debug|Any CPU
		{57F6350B-0DA1-4AF9-96E3-CF4D7A3457AE}.Debug|Any CPU.Build.0 = Debug|Any CPU
		{57F6350B-0DA1-4AF9-96E3-CF4D7A3457AE}.Release|Any CPU.ActiveCfg = Release|Any CPU
		{57F6350B-0DA1-4AF9-96E3-CF4D7A3457AE}.Release|Any CPU.Build.0 = Release|Any CPU
		{1F3F3BE1-2604-46C0-91BD-984AA8D3AD48}.Debug|Any CPU.ActiveCfg = Debug|Any CPU
		{1F3F3BE1-2604-46C0-91BD-984AA8D3AD48}.Debug|Any CPU.Build.0 = Debug|Any CPU
		{1F3F3BE1-2604-46C0-91BD-984AA8D3AD48}.Release|Any CPU.ActiveCfg = Release|Any CPU
		{1F3F3BE1-2604-46C0-91BD-984AA8D3AD48}.Release|Any CPU.Build.0 = Release|Any CPU
		{E6CB537F-A6C2-4953-88F2-25FDBC958166}.Debug|Any CPU.ActiveCfg = Debug|Any CPU
		{E6CB537F-A6C2-4953-88F2-25FDBC958166}.Debug|Any CPU.Build.0 = Debug|Any CPU
		{E6CB537F-A6C2-4953-88F2-25FDBC958166}.Release|Any CPU.ActiveCfg = Release|Any CPU
		{E6CB537F-A6C2-4953-88F2-25FDBC958166}.Release|Any CPU.Build.0 = Release|Any CPU
		{B0F0D17E-06FA-42A6-B7B1-D4E0EFE0C43D}.Debug|Any CPU.ActiveCfg = Debug|Any CPU
		{B0F0D17E-06FA-42A6-B7B1-D4E0EFE0C43D}.Debug|Any CPU.Build.0 = Debug|Any CPU
		{B0F0D17E-06FA-42A6-B7B1-D4E0EFE0C43D}.Release|Any CPU.ActiveCfg = Release|Any CPU
		{B0F0D17E-06FA-42A6-B7B1-D4E0EFE0C43D}.Release|Any CPU.Build.0 = Release|Any CPU
		{9A93A4B1-DE0A-4D41-9FA3-C7D51E48DF55}.Debug|Any CPU.ActiveCfg = Debug|Any CPU
		{9A93A4B1-DE0A-4D41-9FA3-C7D51E48DF55}.Debug|Any CPU.Build.0 = Debug|Any CPU
		{9A93A4B1-DE0A-4D41-9FA3-C7D51E48DF55}.Release|Any CPU.ActiveCfg = Release|Any CPU
		{9A93A4B1-DE0A-4D41-9FA3-C7D51E48DF55}.Release|Any CPU.Build.0 = Release|Any CPU
		{1C2C34EB-6503-4525-94CB-F218B02392C9}.Debug|Any CPU.ActiveCfg = Debug|Any CPU
		{1C2C34EB-6503-4525-94CB-F218B02392C9}.Debug|Any CPU.Build.0 = Debug|Any CPU
		{1C2C34EB-6503-4525-94CB-F218B02392C9}.Release|Any CPU.ActiveCfg = Release|Any CPU
		{1C2C34EB-6503-4525-94CB-F218B02392C9}.Release|Any CPU.Build.0 = Release|Any CPU
		{2C101818-3926-4E67-862B-4794F3C5F676}.Debug|Any CPU.ActiveCfg = Debug|Any CPU
		{2C101818-3926-4E67-862B-4794F3C5F676}.Debug|Any CPU.Build.0 = Debug|Any CPU
		{2C101818-3926-4E67-862B-4794F3C5F676}.Release|Any CPU.ActiveCfg = Release|Any CPU
		{2C101818-3926-4E67-862B-4794F3C5F676}.Release|Any CPU.Build.0 = Release|Any CPU
		{2A886F20-2B8B-431D-8C9D-88274413C6CB}.Debug|Any CPU.ActiveCfg = Debug|Any CPU
		{2A886F20-2B8B-431D-8C9D-88274413C6CB}.Debug|Any CPU.Build.0 = Debug|Any CPU
		{2A886F20-2B8B-431D-8C9D-88274413C6CB}.Release|Any CPU.ActiveCfg = Release|Any CPU
		{2A886F20-2B8B-431D-8C9D-88274413C6CB}.Release|Any CPU.Build.0 = Release|Any CPU
		{308CDAC4-7F29-4068-A740-A565EEFBEBF3}.Debug|Any CPU.ActiveCfg = Debug|Any CPU
		{308CDAC4-7F29-4068-A740-A565EEFBEBF3}.Debug|Any CPU.Build.0 = Debug|Any CPU
		{308CDAC4-7F29-4068-A740-A565EEFBEBF3}.Release|Any CPU.ActiveCfg = Release|Any CPU
		{308CDAC4-7F29-4068-A740-A565EEFBEBF3}.Release|Any CPU.Build.0 = Release|Any CPU
		{8E2AF590-DD1A-423E-92AF-9947F02E7D73}.Debug|Any CPU.ActiveCfg = Debug|Any CPU
		{8E2AF590-DD1A-423E-92AF-9947F02E7D73}.Debug|Any CPU.Build.0 = Debug|Any CPU
		{8E2AF590-DD1A-423E-92AF-9947F02E7D73}.Release|Any CPU.ActiveCfg = Release|Any CPU
		{8E2AF590-DD1A-423E-92AF-9947F02E7D73}.Release|Any CPU.Build.0 = Release|Any CPU
		{B64BB7FB-0FB4-4419-BB79-BD6BB1D31405}.Debug|Any CPU.ActiveCfg = Debug|Any CPU
		{B64BB7FB-0FB4-4419-BB79-BD6BB1D31405}.Debug|Any CPU.Build.0 = Debug|Any CPU
		{B64BB7FB-0FB4-4419-BB79-BD6BB1D31405}.Release|Any CPU.ActiveCfg = Release|Any CPU
		{B64BB7FB-0FB4-4419-BB79-BD6BB1D31405}.Release|Any CPU.Build.0 = Release|Any CPU
	EndGlobalSection
	GlobalSection(SolutionProperties) = preSolution
		HideSolutionNode = FALSE
	EndGlobalSection
	GlobalSection(NestedProjects) = preSolution
		{4B3D8FF7-CB45-40F5-99B4-3CF72B4CD2BD} = {308EF404-01D3-4EC3-9390-706D54E3651A}
		{76E86289-BA11-4DB4-A567-0DAA0FAFB10A} = {4B3D8FF7-CB45-40F5-99B4-3CF72B4CD2BD}
		{082C968F-6875-4B59-86B0-0B53590D8483} = {308EF404-01D3-4EC3-9390-706D54E3651A}
		{57F6350B-0DA1-4AF9-96E3-CF4D7A3457AE} = {082C968F-6875-4B59-86B0-0B53590D8483}
		{CBF053D8-866B-49F0-81C1-AD07D5DEDFB2} = {308EF404-01D3-4EC3-9390-706D54E3651A}
		{1F3F3BE1-2604-46C0-91BD-984AA8D3AD48} = {CBF053D8-866B-49F0-81C1-AD07D5DEDFB2}
		{E6CB537F-A6C2-4953-88F2-25FDBC958166} = {CBF053D8-866B-49F0-81C1-AD07D5DEDFB2}
		{19FA9A9D-511D-4D51-A90A-9DC960353693} = {CBF053D8-866B-49F0-81C1-AD07D5DEDFB2}
		{B0F0D17E-06FA-42A6-B7B1-D4E0EFE0C43D} = {19FA9A9D-511D-4D51-A90A-9DC960353693}
		{9A93A4B1-DE0A-4D41-9FA3-C7D51E48DF55} = {19FA9A9D-511D-4D51-A90A-9DC960353693}
		{1C2C34EB-6503-4525-94CB-F218B02392C9} = {19FA9A9D-511D-4D51-A90A-9DC960353693}
		{2C101818-3926-4E67-862B-4794F3C5F676} = {19FA9A9D-511D-4D51-A90A-9DC960353693}
		{2A886F20-2B8B-431D-8C9D-88274413C6CB} = {3A623E4C-AC1B-4684-8B09-314EAC87D8DA}
		{308CDAC4-7F29-4068-A740-A565EEFBEBF3} = {80B3511D-9802-4CAF-BAC7-DD3B54392020}
		{8E2AF590-DD1A-423E-92AF-9947F02E7D73} = {80B3511D-9802-4CAF-BAC7-DD3B54392020}
		{B64BB7FB-0FB4-4419-BB79-BD6BB1D31405} = {AE8496BC-43DC-4C06-8ECD-4499B04B9C3E}
	EndGlobalSection
	GlobalSection(ExtensibilityGlobals) = postSolution
		SolutionGuid = {CF9D669B-E12E-480B-B8BA-CE513A147968}
	EndGlobalSection
EndGlobal
